
Microsoft Visual Studio Solution File, Format Version 12.00
# Visual Studio Version 18
VisualStudioVersion = 18.4.11626.88
MinimumVisualStudioVersion = 10.0.40219.1
Project("{2150E333-8FDC-42A3-9474-1A3956D46DE8}") = "Items", "Items", "{4EFD340C-0F95-40FA-8639-23E97F5C510F}"
	ProjectSection(SolutionItems) = preProject
		canon.md = canon.md
		characters.md = characters.md
		CRAFT.md = CRAFT.md
		outline.md = outline.md
		seed.txt = seed.txt
		voice.md = voice.md
		world.md = world.md
	EndProjectSection
EndProject
Project("{2150E333-8FDC-42A3-9474-1A3956D46DE8}") = "src", "src", "{827E0CD3-B72D-47B6-A68D-7590B98EB39B}"
EndProject
Project("{FAE04EC0-301F-11D3-BF4B-00C04F79EFBC}") = "Autonovel", "src\Autonovel\Autonovel.csproj", "{BF3D77BD-25A4-49EB-9607-67DBE41944D6}"
EndProject
Project("{FAE04EC0-301F-11D3-BF4B-00C04F79EFBC}") = "Autonovel.Tests", "src\Autonovel.Tests\Autonovel.Tests.csproj", "{831C0FC7-3CF8-4CDA-ABFF-1A27B4EB3CF8}"
EndProject
Global
	GlobalSection(SolutionConfigurationPlatforms) = preSolution
		Debug|Any CPU = Debug|Any CPU
		Debug|x64 = Debug|x64
		Debug|x86 = Debug|x86
		Release|Any CPU = Release|Any CPU
		Release|x64 = Release|x64
		Release|x86 = Release|x86
	EndGlobalSection
	GlobalSection(ProjectConfigurationPlatforms) = postSolution
		{BF3D77BD-25A4-49EB-9607-67DBE41944D6}.Debug|Any CPU.ActiveCfg = Debug|Any CPU
		{BF3D77BD-25A4-49EB-9607-67DBE41944D6}.Debug|Any CPU.Build.0 = Debug|Any CPU
		{BF3D77BD-25A4-49EB-9607-67DBE41944D6}.Debug|x64.ActiveCfg = Debug|Any CPU
		{BF3D77BD-25A4-49EB-9607-67DBE41944D6}.Debug|x64.Build.0 = Debug|Any CPU
		{BF3D77BD-25A4-49EB-9607-67DBE41944D6}.Debug|x86.ActiveCfg = Debug|Any CPU
		{BF3D77BD-25A4-49EB-9607-67DBE41944D6}.Debug|x86.Build.0 = Debug|Any CPU
		{BF3D77BD-25A4-49EB-9607-67DBE41944D6}.Release|Any CPU.ActiveCfg = Release|Any CPU
		{BF3D77BD-25A4-49EB-9607-67DBE41944D6}.Release|Any CPU.Build.0 = Release|Any CPU
		{BF3D77BD-25A4-49EB-9607-67DBE41944D6}.Release|x64.ActiveCfg = Release|Any CPU
		{BF3D77BD-25A4-49EB-9607-67DBE41944D6}.Release|x64.Build.0 = Release|Any CPU
		{BF3D77BD-25A4-49EB-9607-67DBE41944D6}.Release|x86.ActiveCfg = Release|Any CPU
		{BF3D77BD-25A4-49EB-9607-67DBE41944D6}.Release|x86.Build.0 = Release|Any CPU
		{831C0FC7-3CF8-4CDA-ABFF-1A27B4EB3CF8}.Debug|Any CPU.ActiveCfg = Debug|Any CPU
		{831C0FC7-3CF8-4CDA-ABFF-1A27B4EB3CF8}.Debug|Any CPU.Build.0 = Debug|Any CPU
		{831C0FC7-3CF8-4CDA-ABFF-1A27B4EB3CF8}.Debug|x64.ActiveCfg = Debug|Any CPU
		{831C0FC7-3CF8-4CDA-ABFF-1A27B4EB3CF8}.Debug|x64.Build.0 = Debug|Any CPU
		{831C0FC7-3CF8-4CDA-ABFF-1A27B4EB3CF8}.Debug|x86.ActiveCfg = Debug|Any CPU
		{831C0FC7-3CF8-4CDA-ABFF-1A27B4EB3CF8}.Debug|x86.Build.0 = Debug|Any CPU
		{831C0FC7-3CF8-4CDA-ABFF-1A27B4EB3CF8}.Release|Any CPU.ActiveCfg = Release|Any CPU
		{831C0FC7-3CF8-4CDA-ABFF-1A27B4EB3CF8}.Release|Any CPU.Build.0 = Release|Any CPU
		{831C0FC7-3CF8-4CDA-ABFF-1A27B4EB3CF8}.Release|x64.ActiveCfg = Release|Any CPU
		{831C0FC7-3CF8-4CDA-ABFF-1A27B4EB3CF8}.Release|x64.Build.0 = Release|Any CPU
		{831C0FC7-3CF8-4CDA-ABFF-1A27B4EB3CF8}.Release|x86.ActiveCfg = Release|Any CPU
		{831C0FC7-3CF8-4CDA-ABFF-1A27B4EB3CF8}.Release|x86.Build.0 = Release|Any CPU
	EndGlobalSection
	GlobalSection(SolutionProperties) = preSolution
		HideSolutionNode = FALSE
	EndGlobalSection
	GlobalSection(NestedProjects) = preSolution
		{BF3D77BD-25A4-49EB-9607-67DBE41944D6} = {827E0CD3-B72D-47B6-A68D-7590B98EB39B}
		{831C0FC7-3CF8-4CDA-ABFF-1A27B4EB3CF8} = {827E0CD3-B72D-47B6-A68D-7590B98EB39B}
	EndGlobalSection
	GlobalSection(ExtensibilityGlobals) = postSolution
		SolutionGuid = {B1D21EDB-4E42-4720-81CA-20324A1B86EE}
	EndGlobalSection
EndGlobal
